// !$*UTF8*$!
{
	archiveVersion = 1;
	classes = {
	};
	objectVersion = 51;
	objects = {

/* Begin PBXBuildFile section */
		428E8B34F8884B8923266A63 /* Pods_NormalTestAPI_NormalTestAPIUITests.framework in Frameworks */ = {isa = PBXBuildFile; fileRef = 6BF1699EEE4462C9003058FD /* Pods_NormalTestAPI_NormalTestAPIUITests.framework */; };
		68BD72318F453DC4E80F3816 /* Pods_NormalTestAPITests.framework in Frameworks */ = {isa = PBXBuildFile; fileRef = 5F86EB50D33220D125A8ED67 /* Pods_NormalTestAPITests.framework */; };
		A28EC906EDDF27F3B8BD3F9A /* Pods_NormalTestAPI.framework in Frameworks */ = {isa = PBXBuildFile; fileRef = 354FE9D253B9B00F0BD40334 /* Pods_NormalTestAPI.framework */; };
		BC5F4E2726A5A8480064AE55 /* AppDelegate.swift in Sources */ = {isa = PBXBuildFile; fileRef = BC5F4E2626A5A8480064AE55 /* AppDelegate.swift */; };
		BC5F4E3026A5A84C0064AE55 /* Assets.xcassets in Resources */ = {isa = PBXBuildFile; fileRef = BC5F4E2F26A5A84C0064AE55 /* Assets.xcassets */; };
		BC5F4E3326A5A84C0064AE55 /* LaunchScreen.storyboard in Resources */ = {isa = PBXBuildFile; fileRef = BC5F4E3126A5A84C0064AE55 /* LaunchScreen.storyboard */; };
		BC5F4E3E26A5A84C0064AE55 /* NormalTestAPITests.swift in Sources */ = {isa = PBXBuildFile; fileRef = BC5F4E3D26A5A84C0064AE55 /* NormalTestAPITests.swift */; };
		BC5F4E4926A5A84D0064AE55 /* NormalTestAPIUITests.swift in Sources */ = {isa = PBXBuildFile; fileRef = BC5F4E4826A5A84D0064AE55 /* NormalTestAPIUITests.swift */; };
		BC5F4E5C26A5A9F90064AE55 /* HomeViewController.swift in Sources */ = {isa = PBXBuildFile; fileRef = BC5F4E5A26A5A9F90064AE55 /* HomeViewController.swift */; };
		BC5F4E5D26A5A9F90064AE55 /* HomeViewController.xib in Resources */ = {isa = PBXBuildFile; fileRef = BC5F4E5B26A5A9F90064AE55 /* HomeViewController.xib */; };
		BC5F4E6126A5AA0D0064AE55 /* HomeTableViewCell.swift in Sources */ = {isa = PBXBuildFile; fileRef = BC5F4E5F26A5AA0D0064AE55 /* HomeTableViewCell.swift */; };
		BC5F4E6226A5AA0D0064AE55 /* HomeTableViewCell.xib in Resources */ = {isa = PBXBuildFile; fileRef = BC5F4E6026A5AA0D0064AE55 /* HomeTableViewCell.xib */; };
		BC5F4E6426A5AA7A0064AE55 /* HomeViewModel.swift in Sources */ = {isa = PBXBuildFile; fileRef = BC5F4E6326A5AA7A0064AE55 /* HomeViewModel.swift */; };
		BC5F4E6626A5AAAC0064AE55 /* HomeModel.swift in Sources */ = {isa = PBXBuildFile; fileRef = BC5F4E6526A5AAAC0064AE55 /* HomeModel.swift */; };
		BC5F4E6826A5AC830064AE55 /* NetworkManager.swift in Sources */ = {isa = PBXBuildFile; fileRef = BC5F4E6726A5AC830064AE55 /* NetworkManager.swift */; };
/* End PBXBuildFile section */

/* Begin PBXContainerItemProxy section */
		BC5F4E3A26A5A84C0064AE55 /* PBXContainerItemProxy */ = {
			isa = PBXContainerItemProxy;
			containerPortal = BC5F4E1B26A5A8480064AE55 /* Project object */;
			proxyType = 1;
			remoteGlobalIDString = BC5F4E2226A5A8480064AE55;
			remoteInfo = NormalTestAPI;
		};
		BC5F4E4526A5A84D0064AE55 /* PBXContainerItemProxy */ = {
			isa = PBXContainerItemProxy;
			containerPortal = BC5F4E1B26A5A8480064AE55 /* Project object */;
			proxyType = 1;
			remoteGlobalIDString = BC5F4E2226A5A8480064AE55;
			remoteInfo = NormalTestAPI;
		};
/* End PBXContainerItemProxy section */

/* Begin PBXFileReference section */
		354FE9D253B9B00F0BD40334 /* Pods_NormalTestAPI.framework */ = {isa = PBXFileReference; explicitFileType = wrapper.framework; includeInIndex = 0; path = Pods_NormalTestAPI.framework; sourceTree = BUILT_PRODUCTS_DIR; };
		489A8B729E1A11C69A66735C /* Pods-NormalTestAPI-NormalTestAPIUITests.release.xcconfig */ = {isa = PBXFileReference; includeInIndex = 1; lastKnownFileType = text.xcconfig; name = "Pods-NormalTestAPI-NormalTestAPIUITests.release.xcconfig"; path = "Target Support Files/Pods-NormalTestAPI-NormalTestAPIUITests/Pods-NormalTestAPI-NormalTestAPIUITests.release.xcconfig"; sourceTree = "<group>"; };
		56BC42FDD189388D8CF001A9 /* Pods-NormalTestAPI.release.xcconfig */ = {isa = PBXFileReference; includeInIndex = 1; lastKnownFileType = text.xcconfig; name = "Pods-NormalTestAPI.release.xcconfig"; path = "Target Support Files/Pods-NormalTestAPI/Pods-NormalTestAPI.release.xcconfig"; sourceTree = "<group>"; };
		5A07AB98D26AD93A5F52C5F8 /* Pods-NormalTestAPI.debug.xcconfig */ = {isa = PBXFileReference; includeInIndex = 1; lastKnownFileType = text.xcconfig; name = "Pods-NormalTestAPI.debug.xcconfig"; path = "Target Support Files/Pods-NormalTestAPI/Pods-NormalTestAPI.debug.xcconfig"; sourceTree = "<group>"; };
		5F86EB50D33220D125A8ED67 /* Pods_NormalTestAPITests.framework */ = {isa = PBXFileReference; explicitFileType = wrapper.framework; includeInIndex = 0; path = Pods_NormalTestAPITests.framework; sourceTree = BUILT_PRODUCTS_DIR; };
		606D515E9D6EBFF5ECE3C1D5 /* Pods-NormalTestAPI-NormalTestAPIUITests.debug.xcconfig */ = {isa = PBXFileReference; includeInIndex = 1; lastKnownFileType = text.xcconfig; name = "Pods-NormalTestAPI-NormalTestAPIUITests.debug.xcconfig"; path = "Target Support Files/Pods-NormalTestAPI-NormalTestAPIUITests/Pods-NormalTestAPI-NormalTestAPIUITests.debug.xcconfig"; sourceTree = "<group>"; };
		6BF1699EEE4462C9003058FD /* Pods_NormalTestAPI_NormalTestAPIUITests.framework */ = {isa = PBXFileReference; explicitFileType = wrapper.framework; includeInIndex = 0; path = Pods_NormalTestAPI_NormalTestAPIUITests.framework; sourceTree = BUILT_PRODUCTS_DIR; };
		72315D7AF1D85DC683C7AB5D /* Pods-NormalTestAPITests.debug.xcconfig */ = {isa = PBXFileReference; includeInIndex = 1; lastKnownFileType = text.xcconfig; name = "Pods-NormalTestAPITests.debug.xcconfig"; path = "Target Support Files/Pods-NormalTestAPITests/Pods-NormalTestAPITests.debug.xcconfig"; sourceTree = "<group>"; };
		7B63938721DED2E356B3CD23 /* Pods-NormalTestAPITests.release.xcconfig */ = {isa = PBXFileReference; includeInIndex = 1; lastKnownFileType = text.xcconfig; name = "Pods-NormalTestAPITests.release.xcconfig"; path = "Target Support Files/Pods-NormalTestAPITests/Pods-NormalTestAPITests.release.xcconfig"; sourceTree = "<group>"; };
		BC5F4E2326A5A8480064AE55 /* NormalTestAPI.app */ = {isa = PBXFileReference; explicitFileType = wrapper.application; includeInIndex = 0; path = NormalTestAPI.app; sourceTree = BUILT_PRODUCTS_DIR; };
		BC5F4E2626A5A8480064AE55 /* AppDelegate.swift */ = {isa = PBXFileReference; lastKnownFileType = sourcecode.swift; path = AppDelegate.swift; sourceTree = "<group>"; };
		BC5F4E2F26A5A84C0064AE55 /* Assets.xcassets */ = {isa = PBXFileReference; lastKnownFileType = folder.assetcatalog; path = Assets.xcassets; sourceTree = "<group>"; };
		BC5F4E3226A5A84C0064AE55 /* Base */ = {isa = PBXFileReference; lastKnownFileType = file.storyboard; name = Base; path = Base.lproj/LaunchScreen.storyboard; sourceTree = "<group>"; };
		BC5F4E3426A5A84C0064AE55 /* Info.plist */ = {isa = PBXFileReference; lastKnownFileType = text.plist.xml; path = Info.plist; sourceTree = "<group>"; };
		BC5F4E3926A5A84C0064AE55 /* NormalTestAPITests.xctest */ = {isa = PBXFileReference; explicitFileType = wrapper.cfbundle; includeInIndex = 0; path = NormalTestAPITests.xctest; sourceTree = BUILT_PRODUCTS_DIR; };
		BC5F4E3D26A5A84C0064AE55 /* NormalTestAPITests.swift */ = {isa = PBXFileReference; lastKnownFileType = sourcecode.swift; path = NormalTestAPITests.swift; sourceTree = "<group>"; };
		BC5F4E3F26A5A84D0064AE55 /* Info.plist */ = {isa = PBXFileReference; lastKnownFileType = text.plist.xml; path = Info.plist; sourceTree = "<group>"; };
		BC5F4E4426A5A84D0064AE55 /* NormalTestAPIUITests.xctest */ = {isa = PBXFileReference; explicitFileType = wrapper.cfbundle; includeInIndex = 0; path = NormalTestAPIUITests.xctest; sourceTree = BUILT_PRODUCTS_DIR; };
		BC5F4E4826A5A84D0064AE55 /* NormalTestAPIUITests.swift */ = {isa = PBXFileReference; lastKnownFileType = sourcecode.swift; path = NormalTestAPIUITests.swift; sourceTree = "<group>"; };
		BC5F4E4A26A5A84D0064AE55 /* Info.plist */ = {isa = PBXFileReference; lastKnownFileType = text.plist.xml; path = Info.plist; sourceTree = "<group>"; };
		BC5F4E5A26A5A9F90064AE55 /* HomeViewController.swift */ = {isa = PBXFileReference; lastKnownFileType = sourcecode.swift; path = HomeViewController.swift; sourceTree = "<group>"; };
		BC5F4E5B26A5A9F90064AE55 /* HomeViewController.xib */ = {isa = PBXFileReference; lastKnownFileType = file.xib; path = HomeViewController.xib; sourceTree = "<group>"; };
		BC5F4E5F26A5AA0D0064AE55 /* HomeTableViewCell.swift */ = {isa = PBXFileReference; lastKnownFileType = sourcecode.swift; path = HomeTableViewCell.swift; sourceTree = "<group>"; };
		BC5F4E6026A5AA0D0064AE55 /* HomeTableViewCell.xib */ = {isa = PBXFileReference; lastKnownFileType = file.xib; path = HomeTableViewCell.xib; sourceTree = "<group>"; };
		BC5F4E6326A5AA7A0064AE55 /* HomeViewModel.swift */ = {isa = PBXFileReference; lastKnownFileType = sourcecode.swift; path = HomeViewModel.swift; sourceTree = "<group>"; };
		BC5F4E6526A5AAAC0064AE55 /* HomeModel.swift */ = {isa = PBXFileReference; lastKnownFileType = sourcecode.swift; path = HomeModel.swift; sourceTree = "<group>"; };
		BC5F4E6726A5AC830064AE55 /* NetworkManager.swift */ = {isa = PBXFileReference; lastKnownFileType = sourcecode.swift; path = NetworkManager.swift; sourceTree = "<group>"; };
/* End PBXFileReference section */

/* Begin PBXFrameworksBuildPhase section */
		BC5F4E2026A5A8480064AE55 /* Frameworks */ = {
			isa = PBXFrameworksBuildPhase;
			buildActionMask = 2147483647;
			files = (
				A28EC906EDDF27F3B8BD3F9A /* Pods_NormalTestAPI.framework in Frameworks */,
			);
			runOnlyForDeploymentPostprocessing = 0;
		};
		BC5F4E3626A5A84C0064AE55 /* Frameworks */ = {
			isa = PBXFrameworksBuildPhase;
			buildActionMask = 2147483647;
			files = (
				68BD72318F453DC4E80F3816 /* Pods_NormalTestAPITests.framework in Frameworks */,
			);
			runOnlyForDeploymentPostprocessing = 0;
		};
		BC5F4E4126A5A84D0064AE55 /* Frameworks */ = {
			isa = PBXFrameworksBuildPhase;
			buildActionMask = 2147483647;
			files = (
				428E8B34F8884B8923266A63 /* Pods_NormalTestAPI_NormalTestAPIUITests.framework in Frameworks */,
			);
			runOnlyForDeploymentPostprocessing = 0;
		};
/* End PBXFrameworksBuildPhase section */

/* Begin PBXGroup section */
		BAE1A197E1B4ADF0DC58B972 /* Pods */ = {
			isa = PBXGroup;
			children = (
				5A07AB98D26AD93A5F52C5F8 /* Pods-NormalTestAPI.debug.xcconfig */,
				56BC42FDD189388D8CF001A9 /* Pods-NormalTestAPI.release.xcconfig */,
				606D515E9D6EBFF5ECE3C1D5 /* Pods-NormalTestAPI-NormalTestAPIUITests.debug.xcconfig */,
				489A8B729E1A11C69A66735C /* Pods-NormalTestAPI-NormalTestAPIUITests.release.xcconfig */,
				72315D7AF1D85DC683C7AB5D /* Pods-NormalTestAPITests.debug.xcconfig */,
				7B63938721DED2E356B3CD23 /* Pods-NormalTestAPITests.release.xcconfig */,
			);
			path = Pods;
			sourceTree = "<group>";
		};
		BC5F4E1A26A5A8480064AE55 = {
			isa = PBXGroup;
			children = (
				BC5F4E2526A5A8480064AE55 /* NormalTestAPI */,
				BC5F4E3C26A5A84C0064AE55 /* NormalTestAPITests */,
				BC5F4E4726A5A84D0064AE55 /* NormalTestAPIUITests */,
				BC5F4E2426A5A8480064AE55 /* Products */,
				BAE1A197E1B4ADF0DC58B972 /* Pods */,
				C8CA040A8BDFBC5513DB8E92 /* Frameworks */,
			);
			sourceTree = "<group>";
		};
		BC5F4E2426A5A8480064AE55 /* Products */ = {
			isa = PBXGroup;
			children = (
				BC5F4E2326A5A8480064AE55 /* NormalTestAPI.app */,
				BC5F4E3926A5A84C0064AE55 /* NormalTestAPITests.xctest */,
				BC5F4E4426A5A84D0064AE55 /* NormalTestAPIUITests.xctest */,
			);
			name = Products;
			sourceTree = "<group>";
		};
		BC5F4E2526A5A8480064AE55 /* NormalTestAPI */ = {
			isa = PBXGroup;
			children = (
				BC5F4E6726A5AC830064AE55 /* NetworkManager.swift */,
				BC5F4E5626A5A9C30064AE55 /* Home */,
				BC5F4E2626A5A8480064AE55 /* AppDelegate.swift */,
				BC5F4E2F26A5A84C0064AE55 /* Assets.xcassets */,
				BC5F4E3126A5A84C0064AE55 /* LaunchScreen.storyboard */,
				BC5F4E3426A5A84C0064AE55 /* Info.plist */,
			);
			path = NormalTestAPI;
			sourceTree = "<group>";
		};
		BC5F4E3C26A5A84C0064AE55 /* NormalTestAPITests */ = {
			isa = PBXGroup;
			children = (
				BC5F4E3D26A5A84C0064AE55 /* NormalTestAPITests.swift */,
				BC5F4E3F26A5A84D0064AE55 /* Info.plist */,
			);
			path = NormalTestAPITests;
			sourceTree = "<group>";
		};
		BC5F4E4726A5A84D0064AE55 /* NormalTestAPIUITests */ = {
			isa = PBXGroup;
			children = (
				BC5F4E4826A5A84D0064AE55 /* NormalTestAPIUITests.swift */,
				BC5F4E4A26A5A84D0064AE55 /* Info.plist */,
			);
			path = NormalTestAPIUITests;
			sourceTree = "<group>";
		};
		BC5F4E5626A5A9C30064AE55 /* Home */ = {
			isa = PBXGroup;
			children = (
				BC5F4E5726A5A9C80064AE55 /* Model */,
				BC5F4E5826A5A9CD0064AE55 /* View */,
				BC5F4E5926A5A9D70064AE55 /* ViewModel */,
			);
			path = Home;
			sourceTree = "<group>";
		};
		BC5F4E5726A5A9C80064AE55 /* Model */ = {
			isa = PBXGroup;
			children = (
				BC5F4E6526A5AAAC0064AE55 /* HomeModel.swift */,
			);
			path = Model;
			sourceTree = "<group>";
		};
		BC5F4E5826A5A9CD0064AE55 /* View */ = {
			isa = PBXGroup;
			children = (
				BC5F4E5E26A5A9FC0064AE55 /* Cell */,
				BC5F4E5A26A5A9F90064AE55 /* HomeViewController.swift */,
				BC5F4E5B26A5A9F90064AE55 /* HomeViewController.xib */,
			);
			path = View;
			sourceTree = "<group>";
		};
		BC5F4E5926A5A9D70064AE55 /* ViewModel */ = {
			isa = PBXGroup;
			children = (
				BC5F4E6326A5AA7A0064AE55 /* HomeViewModel.swift */,
			);
			path = ViewModel;
			sourceTree = "<group>";
		};
		BC5F4E5E26A5A9FC0064AE55 /* Cell */ = {
			isa = PBXGroup;
			children = (
				BC5F4E5F26A5AA0D0064AE55 /* HomeTableViewCell.swift */,
				BC5F4E6026A5AA0D0064AE55 /* HomeTableViewCell.xib */,
			);
			path = Cell;
			sourceTree = "<group>";
		};
		C8CA040A8BDFBC5513DB8E92 /* Frameworks */ = {
			isa = PBXGroup;
			children = (
				354FE9D253B9B00F0BD40334 /* Pods_NormalTestAPI.framework */,
				6BF1699EEE4462C9003058FD /* Pods_NormalTestAPI_NormalTestAPIUITests.framework */,
				5F86EB50D33220D125A8ED67 /* Pods_NormalTestAPITests.framework */,
			);
			name = Frameworks;
			sourceTree = "<group>";
		};
/* End PBXGroup section */

/* Begin PBXNativeTarget section */
		BC5F4E2226A5A8480064AE55 /* NormalTestAPI */ = {
			isa = PBXNativeTarget;
			buildConfigurationList = BC5F4E4D26A5A84D0064AE55 /* Build configuration list for PBXNativeTarget "NormalTestAPI" */;
			buildPhases = (
				93BC36176F5026BAD33C3F59 /* [CP] Check Pods Manifest.lock */,
				BC5F4E1F26A5A8480064AE55 /* Sources */,
				BC5F4E2026A5A8480064AE55 /* Frameworks */,
				BC5F4E2126A5A8480064AE55 /* Resources */,
				7D075D08D241EB3BC684EA27 /* [CP] Embed Pods Frameworks */,
			);
			buildRules = (
			);
			dependencies = (
			);
			name = NormalTestAPI;
			productName = NormalTestAPI;
			productReference = BC5F4E2326A5A8480064AE55 /* NormalTestAPI.app */;
			productType = "com.apple.product-type.application";
		};
		BC5F4E3826A5A84C0064AE55 /* NormalTestAPITests */ = {
			isa = PBXNativeTarget;
			buildConfigurationList = BC5F4E5026A5A84D0064AE55 /* Build configuration list for PBXNativeTarget "NormalTestAPITests" */;
			buildPhases = (
				A92D4A50E580BF2CAFB99FAC /* [CP] Check Pods Manifest.lock */,
				BC5F4E3526A5A84C0064AE55 /* Sources */,
				BC5F4E3626A5A84C0064AE55 /* Frameworks */,
				BC5F4E3726A5A84C0064AE55 /* Resources */,
			);
			buildRules = (
			);
			dependencies = (
				BC5F4E3B26A5A84C0064AE55 /* PBXTargetDependency */,
			);
			name = NormalTestAPITests;
			productName = NormalTestAPITests;
			productReference = BC5F4E3926A5A84C0064AE55 /* NormalTestAPITests.xctest */;
			productType = "com.apple.product-type.bundle.unit-test";
		};
		BC5F4E4326A5A84D0064AE55 /* NormalTestAPIUITests */ = {
			isa = PBXNativeTarget;
			buildConfigurationList = BC5F4E5326A5A84D0064AE55 /* Build configuration list for PBXNativeTarget "NormalTestAPIUITests" */;
			buildPhases = (
				7FAC7BBA42AC432F84015448 /* [CP] Check Pods Manifest.lock */,
				BC5F4E4026A5A84D0064AE55 /* Sources */,
				BC5F4E4126A5A84D0064AE55 /* Frameworks */,
				BC5F4E4226A5A84D0064AE55 /* Resources */,
				552F171DC502705827676326 /* [CP] Embed Pods Frameworks */,
			);
			buildRules = (
			);
			dependencies = (
				BC5F4E4626A5A84D0064AE55 /* PBXTargetDependency */,
			);
			name = NormalTestAPIUITests;
			productName = NormalTestAPIUITests;
			productReference = BC5F4E4426A5A84D0064AE55 /* NormalTestAPIUITests.xctest */;
			productType = "com.apple.product-type.bundle.ui-testing";
		};
/* End PBXNativeTarget section */

/* Begin PBXProject section */
		BC5F4E1B26A5A8480064AE55 /* Project object */ = {
			isa = PBXProject;
			attributes = {
				LastSwiftUpdateCheck = 1250;
				LastUpgradeCheck = 1250;
				TargetAttributes = {
					BC5F4E2226A5A8480064AE55 = {
						CreatedOnToolsVersion = 12.5.1;
					};
					BC5F4E3826A5A84C0064AE55 = {
						CreatedOnToolsVersion = 12.5.1;
						TestTargetID = BC5F4E2226A5A8480064AE55;
					};
					BC5F4E4326A5A84D0064AE55 = {
						CreatedOnToolsVersion = 12.5.1;
						TestTargetID = BC5F4E2226A5A8480064AE55;
					};
				};
			};
			buildConfigurationList = BC5F4E1E26A5A8480064AE55 /* Build configuration list for PBXProject "NormalTestAPI" */;
			compatibilityVersion = "Xcode 9.3";
			developmentRegion = en;
			hasScannedForEncodings = 0;
			knownRegions = (
				en,
				Base,
			);
			mainGroup = BC5F4E1A26A5A8480064AE55;
			productRefGroup = BC5F4E2426A5A8480064AE55 /* Products */;
			projectDirPath = "";
			projectRoot = "";
			targets = (
				BC5F4E2226A5A8480064AE55 /* NormalTestAPI */,
				BC5F4E3826A5A84C0064AE55 /* NormalTestAPITests */,
				BC5F4E4326A5A84D0064AE55 /* NormalTestAPIUITests */,
			);
		};
/* End PBXProject section */

/* Begin PBXResourcesBuildPhase section */
		BC5F4E2126A5A8480064AE55 /* Resources */ = {
			isa = PBXResourcesBuildPhase;
			buildActionMask = 2147483647;
			files = (
				BC5F4E3326A5A84C0064AE55 /* LaunchScreen.storyboard in Resources */,
				BC5F4E3026A5A84C0064AE55 /* Assets.xcassets in Resources */,
				BC5F4E6226A5AA0D0064AE55 /* HomeTableViewCell.xib in Resources */,
				BC5F4E5D26A5A9F90064AE55 /* HomeViewController.xib in Resources */,
			);
			runOnlyForDeploymentPostprocessing = 0;
		};
		BC5F4E3726A5A84C0064AE55 /* Resources */ = {
			isa = PBXResourcesBuildPhase;
			buildActionMask = 2147483647;
			files = (
			);
			runOnlyForDeploymentPostprocessing = 0;
		};
		BC5F4E4226A5A84D0064AE55 /* Resources */ = {
			isa = PBXResourcesBuildPhase;
			buildActionMask = 2147483647;
			files = (
			);
			runOnlyForDeploymentPostprocessing = 0;
		};
/* End PBXResourcesBuildPhase section */

/* Begin PBXShellScriptBuildPhase section */
		552F171DC502705827676326 /* [CP] Embed Pods Frameworks */ = {
			isa = PBXShellScriptBuildPhase;
			buildActionMask = 2147483647;
			files = (
			);
			inputFileListPaths = (
				"${PODS_ROOT}/Target Support Files/Pods-NormalTestAPI-NormalTestAPIUITests/Pods-NormalTestAPI-NormalTestAPIUITests-frameworks-${CONFIGURATION}-input-files.xcfilelist",
			);
			name = "[CP] Embed Pods Frameworks";
			outputFileListPaths = (
				"${PODS_ROOT}/Target Support Files/Pods-NormalTestAPI-NormalTestAPIUITests/Pods-NormalTestAPI-NormalTestAPIUITests-frameworks-${CONFIGURATION}-output-files.xcfilelist",
			);
			runOnlyForDeploymentPostprocessing = 0;
			shellPath = /bin/sh;
			shellScript = "\"${PODS_ROOT}/Target Support Files/Pods-NormalTestAPI-NormalTestAPIUITests/Pods-NormalTestAPI-NormalTestAPIUITests-frameworks.sh\"\n";
			showEnvVarsInLog = 0;
		};
		7D075D08D241EB3BC684EA27 /* [CP] Embed Pods Frameworks */ = {
			isa = PBXShellScriptBuildPhase;
			buildActionMask = 2147483647;
			files = (
			);
			inputFileListPaths = (
				"${PODS_ROOT}/Target Support Files/Pods-NormalTestAPI/Pods-NormalTestAPI-frameworks-${CONFIGURATION}-input-files.xcfilelist",
			);
			name = "[CP] Embed Pods Frameworks";
			outputFileListPaths = (
				"${PODS_ROOT}/Target Support Files/Pods-NormalTestAPI/Pods-NormalTestAPI-frameworks-${CONFIGURATION}-output-files.xcfilelist",
			);
			runOnlyForDeploymentPostprocessing = 0;
			shellPath = /bin/sh;
			shellScript = "\"${PODS_ROOT}/Target Support Files/Pods-NormalTestAPI/Pods-NormalTestAPI-frameworks.sh\"\n";
			showEnvVarsInLog = 0;
		};
		7FAC7BBA42AC432F84015448 /* [CP] Check Pods Manifest.lock */ = {
			isa = PBXShellScriptBuildPhase;
			buildActionMask = 2147483647;
			files = (
			);
			inputFileListPaths = (
			);
			inputPaths = (
				"${PODS_PODFILE_DIR_PATH}/Podfile.lock",
				"${PODS_ROOT}/Manifest.lock",
			);
			name = "[CP] Check Pods Manifest.lock";
			outputFileListPaths = (
			);
			outputPaths = (
				"$(DERIVED_FILE_DIR)/Pods-NormalTestAPI-NormalTestAPIUITests-checkManifestLockResult.txt",
			);
			runOnlyForDeploymentPostprocessing = 0;
			shellPath = /bin/sh;
			shellScript = "diff \"${PODS_PODFILE_DIR_PATH}/Podfile.lock\" \"${PODS_ROOT}/Manifest.lock\" > /dev/null\nif [ $? != 0 ] ; then\n    # print error to STDERR\n    echo \"error: The sandbox is not in sync with the Podfile.lock. Run 'pod install' or update your CocoaPods installation.\" >&2\n    exit 1\nfi\n# This output is used by Xcode 'outputs' to avoid re-running this script phase.\necho \"SUCCESS\" > \"${SCRIPT_OUTPUT_FILE_0}\"\n";
			showEnvVarsInLog = 0;
		};
		93BC36176F5026BAD33C3F59 /* [CP] Check Pods Manifest.lock */ = {
			isa = PBXShellScriptBuildPhase;
			buildActionMask = 2147483647;
			files = (
			);
			inputFileListPaths = (
			);
			inputPaths = (
				"${PODS_PODFILE_DIR_PATH}/Podfile.lock",
				"${PODS_ROOT}/Manifest.lock",
			);
			name = "[CP] Check Pods Manifest.lock";
			outputFileListPaths = (
			);
			outputPaths = (
				"$(DERIVED_FILE_DIR)/Pods-NormalTestAPI-checkManifestLockResult.txt",
			);
			runOnlyForDeploymentPostprocessing = 0;
			shellPath = /bin/sh;
			shellScript = "diff \"${PODS_PODFILE_DIR_PATH}/Podfile.lock\" \"${PODS_ROOT}/Manifest.lock\" > /dev/null\nif [ $? != 0 ] ; then\n    # print error to STDERR\n    echo \"error: The sandbox is not in sync with the Podfile.lock. Run 'pod install' or update your CocoaPods installation.\" >&2\n    exit 1\nfi\n# This output is used by Xcode 'outputs' to avoid re-running this script phase.\necho \"SUCCESS\" > \"${SCRIPT_OUTPUT_FILE_0}\"\n";
			showEnvVarsInLog = 0;
		};
		A92D4A50E580BF2CAFB99FAC /* [CP] Check Pods Manifest.lock */ = {
			isa = PBXShellScriptBuildPhase;
			buildActionMask = 2147483647;
			files = (
			);
			inputFileListPaths = (
			);
			inputPaths = (
				"${PODS_PODFILE_DIR_PATH}/Podfile.lock",
				"${PODS_ROOT}/Manifest.lock",
			);
			name = "[CP] Check Pods Manifest.lock";
			outputFileListPaths = (
			);
			outputPaths = (
				"$(DERIVED_FILE_DIR)/Pods-NormalTestAPITests-checkManifestLockResult.txt",
			);
			runOnlyForDeploymentPostprocessing = 0;
			shellPath = /bin/sh;
			shellScript = "diff \"${PODS_PODFILE_DIR_PATH}/Podfile.lock\" \"${PODS_ROOT}/Manifest.lock\" > /dev/null\nif [ $? != 0 ] ; then\n    # print error to STDERR\n    echo \"error: The sandbox is not in sync with the Podfile.lock. Run 'pod install' or update your CocoaPods installation.\" >&2\n    exit 1\nfi\n# This output is used by Xcode 'outputs' to avoid re-running this script phase.\necho \"SUCCESS\" > \"${SCRIPT_OUTPUT_FILE_0}\"\n";
			showEnvVarsInLog = 0;
		};
/* End PBXShellScriptBuildPhase section */

/* Begin PBXSourcesBuildPhase section */
		BC5F4E1F26A5A8480064AE55 /* Sources */ = {
			isa = PBXSourcesBuildPhase;
			buildActionMask = 2147483647;
			files = (
				BC5F4E6826A5AC830064AE55 /* NetworkManager.swift in Sources */,
				BC5F4E6126A5AA0D0064AE55 /* HomeTableViewCell.swift in Sources */,
				BC5F4E2726A5A8480064AE55 /* AppDelegate.swift in Sources */,
				BC5F4E5C26A5A9F90064AE55 /* HomeViewController.swift in Sources */,
				BC5F4E6626A5AAAC0064AE55 /* HomeModel.swift in Sources */,
				BC5F4E6426A5AA7A0064AE55 /* HomeViewModel.swift in Sources */,
			);
			runOnlyForDeploymentPostprocessing = 0;
		};
		BC5F4E3526A5A84C0064AE55 /* Sources */ = {
			isa = PBXSourcesBuildPhase;
			buildActionMask = 2147483647;
			files = (
				BC5F4E3E26A5A84C0064AE55 /* NormalTestAPITests.swift in Sources */,
			);
			runOnlyForDeploymentPostprocessing = 0;
		};
		BC5F4E4026A5A84D0064AE55 /* Sources */ = {
			isa = PBXSourcesBuildPhase;
			buildActionMask = 2147483647;
			files = (
				BC5F4E4926A5A84D0064AE55 /* NormalTestAPIUITests.swift in Sources */,
			);
			runOnlyForDeploymentPostprocessing = 0;
		};
/* End PBXSourcesBuildPhase section */

/* Begin PBXTargetDependency section */
		BC5F4E3B26A5A84C0064AE55 /* PBXTargetDependency */ = {
			isa = PBXTargetDependency;
			target = BC5F4E2226A5A8480064AE55 /* NormalTestAPI */;
			targetProxy = BC5F4E3A26A5A84C0064AE55 /* PBXContainerItemProxy */;
		};
		BC5F4E4626A5A84D0064AE55 /* PBXTargetDependency */ = {
			isa = PBXTargetDependency;
			target = BC5F4E2226A5A8480064AE55 /* NormalTestAPI */;
			targetProxy = BC5F4E4526A5A84D0064AE55 /* PBXContainerItemProxy */;
		};
/* End PBXTargetDependency section */

/* Begin PBXVariantGroup section */
		BC5F4E3126A5A84C0064AE55 /* LaunchScreen.storyboard */ = {
			isa = PBXVariantGroup;
			children = (
				BC5F4E3226A5A84C0064AE55 /* Base */,
			);
			name = LaunchScreen.storyboard;
			sourceTree = "<group>";
		};
/* End PBXVariantGroup section */

/* Begin XCBuildConfiguration section */
		BC5F4E4B26A5A84D0064AE55 /* Debug */ = {
			isa = XCBuildConfiguration;
			buildSettings = {
				ALWAYS_SEARCH_USER_PATHS = NO;
				CLANG_ANALYZER_NONNULL = YES;
				CLANG_ANALYZER_NUMBER_OBJECT_CONVERSION = YES_AGGRESSIVE;
				CLANG_CXX_LANGUAGE_STANDARD = "gnu++14";
				CLANG_CXX_LIBRARY = "libc++";
				CLANG_ENABLE_MODULES = YES;
				CLANG_ENABLE_OBJC_ARC = YES;
				CLANG_ENABLE_OBJC_WEAK = YES;
				CLANG_WARN_BLOCK_CAPTURE_AUTORELEASING = YES;
				CLANG_WARN_BOOL_CONVERSION = YES;
				CLANG_WARN_COMMA = YES;
				CLANG_WARN_CONSTANT_CONVERSION = YES;
				CLANG_WARN_DEPRECATED_OBJC_IMPLEMENTATIONS = YES;
				CLANG_WARN_DIRECT_OBJC_ISA_USAGE = YES_ERROR;
				CLANG_WARN_DOCUMENTATION_COMMENTS = YES;
				CLANG_WARN_EMPTY_BODY = YES;
				CLANG_WARN_ENUM_CONVERSION = YES;
				CLANG_WARN_INFINITE_RECURSION = YES;
				CLANG_WARN_INT_CONVERSION = YES;
				CLANG_WARN_NON_LITERAL_NULL_CONVERSION = YES;
				CLANG_WARN_OBJC_IMPLICIT_RETAIN_SELF = YES;
				CLANG_WARN_OBJC_LITERAL_CONVERSION = YES;
				CLANG_WARN_OBJC_ROOT_CLASS = YES_ERROR;
				CLANG_WARN_QUOTED_INCLUDE_IN_FRAMEWORK_HEADER = YES;
				CLANG_WARN_RANGE_LOOP_ANALYSIS = YES;
				CLANG_WARN_STRICT_PROTOTYPES = YES;
				CLANG_WARN_SUSPICIOUS_MOVE = YES;
				CLANG_WARN_UNGUARDED_AVAILABILITY = YES_AGGRESSIVE;
				CLANG_WARN_UNREACHABLE_CODE = YES;
				CLANG_WARN__DUPLICATE_METHOD_MATCH = YES;
				COPY_PHASE_STRIP = NO;
				DEBUG_INFORMATION_FORMAT = dwarf;
				ENABLE_STRICT_OBJC_MSGSEND = YES;
				ENABLE_TESTABILITY = YES;
				GCC_C_LANGUAGE_STANDARD = gnu11;
				GCC_DYNAMIC_NO_PIC = NO;
				GCC_NO_COMMON_BLOCKS = YES;
				GCC_OPTIMIZATION_LEVEL = 0;
				GCC_PREPROCESSOR_DEFINITIONS = (
					"DEBUG=1",
					"$(inherited)",
				);
				GCC_WARN_64_TO_32_BIT_CONVERSION = YES;
				GCC_WARN_ABOUT_RETURN_TYPE = YES_ERROR;
				GCC_WARN_UNDECLARED_SELECTOR = YES;
				GCC_WARN_UNINITIALIZED_AUTOS = YES_AGGRESSIVE;
				GCC_WARN_UNUSED_FUNCTION = YES;
				GCC_WARN_UNUSED_VARIABLE = YES;
				IPHONEOS_DEPLOYMENT_TARGET = 14.5;
				MTL_ENABLE_DEBUG_INFO = INCLUDE_SOURCE;
				MTL_FAST_MATH = YES;
				ONLY_ACTIVE_ARCH = YES;
				SDKROOT = iphoneos;
				SWIFT_ACTIVE_COMPILATION_CONDITIONS = DEBUG;
				SWIFT_OPTIMIZATION_LEVEL = "-Onone";
			};
			name = Debug;
		};
		BC5F4E4C26A5A84D0064AE55 /* Release */ = {
			isa = XCBuildConfiguration;
			buildSettings = {
				ALWAYS_SEARCH_USER_PATHS = NO;
				CLANG_ANALYZER_NONNULL = YES;
				CLANG_ANALYZER_NUMBER_OBJECT_CONVERSION = YES_AGGRESSIVE;
				CLANG_CXX_LANGUAGE_STANDARD = "gnu++14";
				CLANG_CXX_LIBRARY = "libc++";
				CLANG_ENABLE_MODULES = YES;
				CLANG_ENABLE_OBJC_ARC = YES;
				CLANG_ENABLE_OBJC_WEAK = YES;
				CLANG_WARN_BLOCK_CAPTURE_AUTORELEASING = YES;
				CLANG_WARN_BOOL_CONVERSION = YES;
				CLANG_WARN_COMMA = YES;
				CLANG_WARN_CONSTANT_CONVERSION = YES;
				CLANG_WARN_DEPRECATED_OBJC_IMPLEMENTATIONS = YES;
				CLANG_WARN_DIRECT_OBJC_ISA_USAGE = YES_ERROR;
				CLANG_WARN_DOCUMENTATION_COMMENTS = YES;
				CLANG_WARN_EMPTY_BODY = YES;
				CLANG_WARN_ENUM_CONVERSION = YES;
				CLANG_WARN_INFINITE_RECURSION = YES;
				CLANG_WARN_INT_CONVERSION = YES;
				CLANG_WARN_NON_LITERAL_NULL_CONVERSION = YES;
				CLANG_WARN_OBJC_IMPLICIT_RETAIN_SELF = YES;
				CLANG_WARN_OBJC_LITERAL_CONVERSION = YES;
				CLANG_WARN_OBJC_ROOT_CLASS = YES_ERROR;
				CLANG_WARN_QUOTED_INCLUDE_IN_FRAMEWORK_HEADER = YES;
				CLANG_WARN_RANGE_LOOP_ANALYSIS = YES;
				CLANG_WARN_STRICT_PROTOTYPES = YES;
				CLANG_WARN_SUSPICIOUS_MOVE = YES;
				CLANG_WARN_UNGUARDED_AVAILABILITY = YES_AGGRESSIVE;
				CLANG_WARN_UNREACHABLE_CODE = YES;
				CLANG_WARN__DUPLICATE_METHOD_MATCH = YES;
				COPY_PHASE_STRIP = NO;
				DEBUG_INFORMATION_FORMAT = "dwarf-with-dsym";
				ENABLE_NS_ASSERTIONS = NO;
				ENABLE_STRICT_OBJC_MSGSEND = YES;
				GCC_C_LANGUAGE_STANDARD = gnu11;
				GCC_NO_COMMON_BLOCKS = YES;
				GCC_WARN_64_TO_32_BIT_CONVERSION = YES;
				GCC_WARN_ABOUT_RETURN_TYPE = YES_ERROR;
				GCC_WARN_UNDECLARED_SELECTOR = YES;
				GCC_WARN_UNINITIALIZED_AUTOS = YES_AGGRESSIVE;
				GCC_WARN_UNUSED_FUNCTION = YES;
				GCC_WARN_UNUSED_VARIABLE = YES;
				IPHONEOS_DEPLOYMENT_TARGET = 14.5;
				MTL_ENABLE_DEBUG_INFO = NO;
				MTL_FAST_MATH = YES;
				SDKROOT = iphoneos;
				SWIFT_COMPILATION_MODE = wholemodule;
				SWIFT_OPTIMIZATION_LEVEL = "-O";
				VALIDATE_PRODUCT = YES;
			};
			name = Release;
		};
		BC5F4E4E26A5A84D0064AE55 /* Debug */ = {
			isa = XCBuildConfiguration;
			baseConfigurationReference = 5A07AB98D26AD93A5F52C5F8 /* Pods-NormalTestAPI.debug.xcconfig */;
			buildSettings = {
				ASSETCATALOG_COMPILER_APPICON_NAME = AppIcon;
				ASSETCATALOG_COMPILER_GLOBAL_ACCENT_COLOR_NAME = AccentColor;
				CODE_SIGN_STYLE = Automatic;
				DEVELOPMENT_TEAM = 5S22W76BBZ;
				INFOPLIST_FILE = NormalTestAPI/Info.plist;
				LD_RUNPATH_SEARCH_PATHS = (
					"$(inherited)",
					"@executable_path/Frameworks",
				);
				PRODUCT_BUNDLE_IDENTIFIER = com.kevinhomorales.NormalTestAPI;
				PRODUCT_NAME = "$(TARGET_NAME)";
				SWIFT_VERSION = 5.0;
				TARGETED_DEVICE_FAMILY = "1,2";
			};
			name = Debug;
		};
		BC5F4E4F26A5A84D0064AE55 /* Release */ = {
			isa = XCBuildConfiguration;
			baseConfigurationReference = 56BC42FDD189388D8CF001A9 /* Pods-NormalTestAPI.release.xcconfig */;
			buildSettings = {
				ASSETCATALOG_COMPILER_APPICON_NAME = AppIcon;
				ASSETCATALOG_COMPILER_GLOBAL_ACCENT_COLOR_NAME = AccentColor;
				CODE_SIGN_STYLE = Automatic;
				DEVELOPMENT_TEAM = 5S22W76BBZ;
				INFOPLIST_FILE = NormalTestAPI/Info.plist;
				LD_RUNPATH_SEARCH_PATHS = (
					"$(inherited)",
					"@executable_path/Frameworks",
				);
				PRODUCT_BUNDLE_IDENTIFIER = com.kevinhomorales.NormalTestAPI;
				PRODUCT_NAME = "$(TARGET_NAME)";
				SWIFT_VERSION = 5.0;
				TARGETED_DEVICE_FAMILY = "1,2";
			};
			name = Release;
		};
		BC5F4E5126A5A84D0064AE55 /* Debug */ = {
			isa = XCBuildConfiguration;
			baseConfigurationReference = 72315D7AF1D85DC683C7AB5D /* Pods-NormalTestAPITests.debug.xcconfig */;
			buildSettings = {
				ALWAYS_EMBED_SWIFT_STANDARD_LIBRARIES = YES;
				BUNDLE_LOADER = "$(TEST_HOST)";
				CODE_SIGN_STYLE = Automatic;
				DEVELOPMENT_TEAM = 5S22W76BBZ;
				INFOPLIST_FILE = NormalTestAPITests/Info.plist;
				IPHONEOS_DEPLOYMENT_TARGET = 14.5;
				LD_RUNPATH_SEARCH_PATHS = (
					"$(inherited)",
					"@executable_path/Frameworks",
					"@loader_path/Frameworks",
				);
				PRODUCT_BUNDLE_IDENTIFIER = com.kevinhomorales.NormalTestAPITests;
				PRODUCT_NAME = "$(TARGET_NAME)";
				SWIFT_VERSION = 5.0;
				TARGETED_DEVICE_FAMILY = "1,2";
				TEST_HOST = "$(BUILT_PRODUCTS_DIR)/NormalTestAPI.app/NormalTestAPI";
			};
			name = Debug;
		};
		BC5F4E5226A5A84D0064AE55 /* Release */ = {
			isa = XCBuildConfiguration;
			baseConfigurationReference = 7B63938721DED2E356B3CD23 /* Pods-NormalTestAPITests.release.xcconfig */;
			buildSettings = {
				ALWAYS_EMBED_SWIFT_STANDARD_LIBRARIES = YES;
				BUNDLE_LOADER = "$(TEST_HOST)";
				CODE_SIGN_STYLE = Automatic;
				DEVELOPMENT_TEAM = 5S22W76BBZ;
				INFOPLIST_FILE = NormalTestAPITests/Info.plist;
				IPHONEOS_DEPLOYMENT_TARGET = 14.5;
				LD_RUNPATH_SEARCH_PATHS = (
					"$(inherited)",
					"@executable_path/Frameworks",
					"@loader_path/Frameworks",
				);
				PRODUCT_BUNDLE_IDENTIFIER = com.kevinhomorales.NormalTestAPITests;
				PRODUCT_NAME = "$(TARGET_NAME)";
				SWIFT_VERSION = 5.0;
				TARGETED_DEVICE_FAMILY = "1,2";
				TEST_HOST = "$(BUILT_PRODUCTS_DIR)/NormalTestAPI.app/NormalTestAPI";
			};
			name = Release;
		};
		BC5F4E5426A5A84D0064AE55 /* Debug */ = {
			isa = XCBuildConfiguration;
			baseConfigurationReference = 606D515E9D6EBFF5ECE3C1D5 /* Pods-NormalTestAPI-NormalTestAPIUITests.debug.xcconfig */;
			buildSettings = {
				ALWAYS_EMBED_SWIFT_STANDARD_LIBRARIES = YES;
				CODE_SIGN_STYLE = Automatic;
				DEVELOPMENT_TEAM = 5S22W76BBZ;
				INFOPLIST_FILE = NormalTestAPIUITests/Info.plist;
				LD_RUNPATH_SEARCH_PATHS = (
					"$(inherited)",
					"@executable_path/Frameworks",
					"@loader_path/Frameworks",
				);
				PRODUCT_BUNDLE_IDENTIFIER = com.kevinhomorales.NormalTestAPIUITests;
				PRODUCT_NAME = "$(TARGET_NAME)";
				SWIFT_VERSION = 5.0;
				TARGETED_DEVICE_FAMILY = "1,2";
				TEST_TARGET_NAME = NormalTestAPI;
			};
			name = Debug;
		};
		BC5F4E5526A5A84D0064AE55 /* Release */ = {
			isa = XCBuildConfiguration;
			baseConfigurationReference = 489A8B729E1A11C69A66735C /* Pods-NormalTestAPI-NormalTestAPIUITests.release.xcconfig */;
			buildSettings = {
				ALWAYS_EMBED_SWIFT_STANDARD_LIBRARIES = YES;
				CODE_SIGN_STYLE = Automatic;
				DEVELOPMENT_TEAM = 5S22W76BBZ;
				INFOPLIST_FILE = NormalTestAPIUITests/Info.plist;
				LD_RUNPATH_SEARCH_PATHS = (
					"$(inherited)",
					"@executable_path/Frameworks",
					"@loader_path/Frameworks",
				);
				PRODUCT_BUNDLE_IDENTIFIER = com.kevinhomorales.NormalTestAPIUITests;
				PRODUCT_NAME = "$(TARGET_NAME)";
				SWIFT_VERSION = 5.0;
				TARGETED_DEVICE_FAMILY = "1,2";
				TEST_TARGET_NAME = NormalTestAPI;
			};
			name = Release;
		};
/* End XCBuildConfiguration section */

/* Begin XCConfigurationList section */
		BC5F4E1E26A5A8480064AE55 /* Build configuration list for PBXProject "NormalTestAPI" */ = {
			isa = XCConfigurationList;
			buildConfigurations = (
				BC5F4E4B26A5A84D0064AE55 /* Debug */,
				BC5F4E4C26A5A84D0064AE55 /* Release */,
			);
			defaultConfigurationIsVisible = 0;
			defaultConfigurationName = Release;
		};
		BC5F4E4D26A5A84D0064AE55 /* Build configuration list for PBXNativeTarget "NormalTestAPI" */ = {
			isa = XCConfigurationList;
			buildConfigurations = (
				BC5F4E4E26A5A84D0064AE55 /* Debug */,
				BC5F4E4F26A5A84D0064AE55 /* Release */,
			);
			defaultConfigurationIsVisible = 0;
			defaultConfigurationName = Release;
		};
		BC5F4E5026A5A84D0064AE55 /* Build configuration list for PBXNativeTarget "NormalTestAPITests" */ = {
			isa = XCConfigurationList;
			buildConfigurations = (
				BC5F4E5126A5A84D0064AE55 /* Debug */,
				BC5F4E5226A5A84D0064AE55 /* Release */,
			);
			defaultConfigurationIsVisible = 0;
			defaultConfigurationName = Release;
		};
		BC5F4E5326A5A84D0064AE55 /* Build configuration list for PBXNativeTarget "NormalTestAPIUITests" */ = {
			isa = XCConfigurationList;
			buildConfigurations = (
				BC5F4E5426A5A84D0064AE55 /* Debug */,
				BC5F4E5526A5A84D0064AE55 /* Release */,
			);
			defaultConfigurationIsVisible = 0;
			defaultConfigurationName = Release;
		};
/* End XCConfigurationList section */
	};
	rootObject = BC5F4E1B26A5A8480064AE55 /* Project object */;
}
